{
  "name": "REPLACE_ME",
  "version": "1.0.0",
  "lockfileVersion": 3,
  "requires": true,
  "packages": {
    "": {
      "name": "REPLACE_ME",
      "version": "1.0.0",
      "license": "MIT",
      "dependencies": {
        "fuzzy-search": "^3.2.1"
      },
      "devDependencies": {
        "@types/fuzzy-search": "^2.1.5"
      },
      "engines": {
        "node": "*"
      }
    },
    "node_modules/@types/fuzzy-search": {
      "version": "2.1.5",
      "resolved": "https://registry.npmjs.org/@types/fuzzy-search/-/fuzzy-search-2.1.5.tgz",
      "integrity": "sha512-Yw8OsjhVKbKw83LMDOZ9RXc+N+um48DmZYMrz7QChpHkQuygsc5O40oCL7SfvWgpaaviCx2TbNXYUBwhMtBH5w==",
      "dev": true,
      "license": "MIT"
    },
    "node_modules/fuzzy-search": {
      "version": "3.2.1",
      "resolved": "https://registry.npmjs.org/fuzzy-search/-/fuzzy-search-3.2.1.tgz",
      "integrity": "sha512-vAcPiyomt1ioKAsAL2uxSABHJ4Ju/e4UeDM+g1OlR0vV4YhLGMNsdLNvZTpEDY4JCSt0E4hASCNM5t2ETtsbyg==",
      "license": "ISC"
    }
  }
}
